
Microsoft Visual Studio Solution File, Format Version 11.00
# Visual Studio 2010
Project("{FAE04EC0-301F-11D3-BF4B-00C04F79EFBC}") = "Questionnaire", "Questionnaire\Questionnaire.csproj", "{9B6FE94F-2F68-4D63-A4C0-462A8DB2ED82}"
EndProject
Global
	GlobalSection(SolutionConfigurationPlatforms) = preSolution
		Debug|x86 = Debug|x86
		Release|x86 = Release|x86
	EndGlobalSection
	GlobalSection(ProjectConfigurationPlatforms) = postSolution
		{9B6FE94F-2F68-4D63-A4C0-462A8DB2ED82}.Debug|x86.ActiveCfg = Debug|x86
		{9B6FE94F-2F68-4D63-A4C0-462A8DB2ED82}.Debug|x86.Build.0 = Debug|x86
		{9B6FE94F-2F68-4D63-A4C0-462A8DB2ED82}.Release|x86.ActiveCfg = Release|x86
		{9B6FE94F-2F68-4D63-A4C0-462A8DB2ED82}.Release|x86.Build.0 = Release|x86
	EndGlobalSection
	GlobalSection(MonoDevelopProperties) = preSolution
		StartupItem = Questionnaire\Questionnaire.csproj
	EndGlobalSection
EndGlobal
